github.com/bert82503/golang-learn/tutorial/create-module/greetings v0.0.0-20221112151535-dc6639961047 h1:mGWWbvMP8KgUMgHune3BEbaiD89SWusZykXh3ef6hh8=
github.com/bert82503/golang-learn/tutorial/create-module/greetings v0.0.0-20221112151535-dc6639961047/go.mod h1:TqaIWf44b2mGTJZ8TkL4hCjOHOsJf4l2BignprsedGw=
